{
	"requires": true,
	"lockfileVersion": 1,
	"dependencies": {
		"@zoltu/ethereum-abi-encoder": {
			"version": "5.0.1",
			"resolved": "https://registry.npmjs.org/@zoltu/ethereum-abi-encoder/-/ethereum-abi-encoder-5.0.1.tgz",
			"integrity": "sha512-vrlai0bww2GvlLXe2yL6uN9LjoYmUDFjhyjuNRLA/XxbBW+dHky3FXZ5kHD8FU7IMY6utIT4QwswiL1Mgieldg=="
		},
		"@zoltu/ethereum-crypto": {
			"version": "2.1.3",
			"resolved": "https://registry.npmjs.org/@zoltu/ethereum-crypto/-/ethereum-crypto-2.1.3.tgz",
			"integrity": "sha512-ijGcuE0feUntMaKK3fZX3f10LGbMG2axu2/Fy0+xKjAgjIzzc7NwhkEQLmNE5SJ1EWHrTHlln1aNxpD/nMYHiw=="
		},
		"@zoltu/ethereum-fetch-json-rpc": {
			"version": "13.0.1",
			"resolved": "https://registry.npmjs.org/@zoltu/ethereum-fetch-json-rpc/-/ethereum-fetch-json-rpc-13.0.1.tgz",
			"integrity": "sha512-r5p07WUvZh9iL351luBktx0KIToo8JiZSpupaX4V9LbbRV0gTlCbv8CLHXGHCgY8ATpoguu6i41wLrvhObRDWA==",
			"requires": {
				"@zoltu/ethereum-types": "9.0.0"
			},
			"dependencies": {
				"@zoltu/ethereum-types": {
					"version": "9.0.0",
					"resolved": "https://registry.npmjs.org/@zoltu/ethereum-types/-/ethereum-types-9.0.0.tgz",
					"integrity": "sha512-6dVFV5KfecaEoHNQzetBtYVFUQwdo7Am2k+3HTcTMwY0m5zcUxJSfZzjWdsEsy9xRII8uGg6JLq1KZYQ4mxnEg=="
				}
			}
		},
		"@zoltu/ethereum-types": {
			"version": "9.0.1",
			"resolved": "https://registry.npmjs.org/@zoltu/ethereum-types/-/ethereum-types-9.0.1.tgz",
			"integrity": "sha512-Jn/Ar8NzJCarjs/h03lSVzHIrmBC5oZEkStT4HE9wiTqB1Rq/cyuDSlaD1e2xMEz91FaHMCUOUSJONeDlIHd4A=="
		},
		"@zoltu/solidity-typescript-generator-browser-dependencies": {
			"version": "4.1.2",
			"resolved": "https://registry.npmjs.org/@zoltu/solidity-typescript-generator-browser-dependencies/-/solidity-typescript-generator-browser-dependencies-4.1.2.tgz",
			"integrity": "sha512-k5r3roNxm5WL9UmLCdPN73Ziug15TbB6i0asx4M5soeqyVGkAxQFu24XWceJxhgtaq3NGHt55avKQegRtTxGBA==",
			"requires": {
				"@zoltu/ethereum-abi-encoder": "5.0.1",
				"@zoltu/ethereum-crypto": "2.1.1",
				"@zoltu/ethereum-types": "8.4.2"
			},
			"dependencies": {
				"@zoltu/ethereum-crypto": {
					"version": "2.1.1",
					"resolved": "https://registry.npmjs.org/@zoltu/ethereum-crypto/-/ethereum-crypto-2.1.1.tgz",
					"integrity": "sha512-+Nt58vcVtp93UO3ZWt9PvUGMVKbJ4qRwWcFOmu+LkwvjSpBy6X51+sMiNkzgIaYGo/YpWWZ4hZCvluDSngOxHw=="
				},
				"@zoltu/ethereum-types": {
					"version": "8.4.2",
					"resolved": "https://registry.npmjs.org/@zoltu/ethereum-types/-/ethereum-types-8.4.2.tgz",
					"integrity": "sha512-mpKiiTuW/y5nJS03VJ3wXGlsjBynkpCot2Yo9gbdLtaHaEUwTIunbUFXxVS9Xk+LC0irs8F25X2X0QyPw3EVDw=="
				}
			}
		},
		"@zoltu/solidity-typescript-generator-fetch-dependencies": {
			"version": "5.0.2",
			"resolved": "https://registry.npmjs.org/@zoltu/solidity-typescript-generator-fetch-dependencies/-/solidity-typescript-generator-fetch-dependencies-5.0.2.tgz",
			"integrity": "sha512-9vRtaQtbLDK8GvhiqAbx7goXDPZIg3nlxHcgTpDBCZZ1MdL3GSsaccjLutyg/68hgtUd7uNxcY+Y3gavLebS0A==",
			"requires": {
				"@zoltu/ethereum-abi-encoder": "5.0.1",
				"@zoltu/ethereum-crypto": "2.1.1",
				"@zoltu/ethereum-fetch-json-rpc": "13.0.0"
			},
			"dependencies": {
				"@zoltu/ethereum-crypto": {
					"version": "2.1.1",
					"resolved": "https://registry.npmjs.org/@zoltu/ethereum-crypto/-/ethereum-crypto-2.1.1.tgz",
					"integrity": "sha512-+Nt58vcVtp93UO3ZWt9PvUGMVKbJ4qRwWcFOmu+LkwvjSpBy6X51+sMiNkzgIaYGo/YpWWZ4hZCvluDSngOxHw=="
				},
				"@zoltu/ethereum-fetch-json-rpc": {
					"version": "13.0.0",
					"resolved": "https://registry.npmjs.org/@zoltu/ethereum-fetch-json-rpc/-/ethereum-fetch-json-rpc-13.0.0.tgz",
					"integrity": "sha512-u5HFL4Iljw42rzOibc485QskVhNXD4LRb6Lr0xUnerpPOc9s2hQcHXAwPMfRralVXyrMlgVOLjOuUoZE6EZztA==",
					"requires": {
						"@zoltu/ethereum-types": "9.0.0"
					},
					"dependencies": {
						"@zoltu/ethereum-types": {
							"version": "9.0.0",
							"resolved": "https://registry.npmjs.org/@zoltu/ethereum-types/-/ethereum-types-9.0.0.tgz",
							"integrity": "sha512-6dVFV5KfecaEoHNQzetBtYVFUQwdo7Am2k+3HTcTMwY0m5zcUxJSfZzjWdsEsy9xRII8uGg6JLq1KZYQ4mxnEg=="
						}
					}
				}
			}
		},
		"@zoltu/typescript-transformer-append-js-extension": {
			"version": "1.0.1",
			"resolved": "https://registry.npmjs.org/@zoltu/typescript-transformer-append-js-extension/-/typescript-transformer-append-js-extension-1.0.1.tgz",
			"integrity": "sha512-7Lp30MtJO7YHZW19yJWhkuJrf+Y78COHopeZli7fiWrbIRvodsSXZIa7cFX/c4PFwFJt55N/7Pp/t6VH0fwBVQ==",
			"dev": true
		},
		"es-module-shims": {
			"version": "0.9.0",
			"resolved": "https://registry.npmjs.org/es-module-shims/-/es-module-shims-0.9.0.tgz",
			"integrity": "sha512-WkczeTMb4n44Z2fjHnyryYDJ9HmsXt+CE/vYYTqMO+rINdrUPRRU9XbuR/qwrhu6RD6GLGRQvcakDOzLdWZ4HA=="
		},
		"function-bind": {
			"version": "1.1.1",
			"resolved": "https://registry.npmjs.org/function-bind/-/function-bind-1.1.1.tgz",
			"integrity": "sha512-yIovAzMX49sF8Yl58fSCWJ5svSLuaibPxXQJFLmBObTuCr0Mf1KiPopGM9NiFjiYBCbfaa2Fh6breQ6ANVTI0A==",
			"dev": true
		},
		"has": {
			"version": "1.0.3",
			"resolved": "https://registry.npmjs.org/has/-/has-1.0.3.tgz",
			"integrity": "sha512-f2dvO0VU6Oej7RkWJGrehjbzMAjFp5/VKPp5tTpWIV4JHHZK1/BxbFRtf/siA2SWTe09caDmVtYYzWEIbBS4zw==",
			"dev": true,
			"requires": {
				"function-bind": "^1.1.1"
			}
		},
		"is-core-module": {
			"version": "2.2.0",
			"resolved": "https://registry.npmjs.org/is-core-module/-/is-core-module-2.2.0.tgz",
			"integrity": "sha512-XRAfAdyyY5F5cOXn7hYQDqh2Xmii+DEfIcQGxK/uNwMHhIkPWO0g8msXcbzLe+MpGoR951MlqM/2iIlU4vKDdQ==",
			"dev": true,
			"requires": {
				"has": "^1.0.3"
			}
		},
		"path-parse": {
			"version": "1.0.6",
			"resolved": "https://registry.npmjs.org/path-parse/-/path-parse-1.0.6.tgz",
			"integrity": "sha512-GSmOT2EbHrINBf9SR7CDELwlJ8AENk3Qn7OikK4nFYAu3Ote2+JYNVvkpAEQm3/TLNEJFD/xZJjzyxg3KBWOzw==",
			"dev": true
		},
		"preact": {
			"version": "10.5.12",
			"resolved": "https://registry.npmjs.org/preact/-/preact-10.5.12.tgz",
			"integrity": "sha512-r6siDkuD36oszwlCkcqDJCAKBQxGoeEGytw2DGMD5A/GGdu5Tymw+N2OBXwvOLxg6d1FeY8MgMV3cc5aVQo4Cg=="
		},
		"resolve": {
			"version": "1.20.0",
			"resolved": "https://registry.npmjs.org/resolve/-/resolve-1.20.0.tgz",
			"integrity": "sha512-wENBPt4ySzg4ybFQW2TT1zMQucPK95HSh/nq2CFTZVOGut2+pQvSsgtda4d26YrYcr067wjbmzOG8byDPBX63A==",
			"dev": true,
			"requires": {
				"is-core-module": "^2.2.0",
				"path-parse": "^1.0.6"
			}
		},
		"ttypescript": {
			"version": "1.5.12",
			"resolved": "https://registry.npmjs.org/ttypescript/-/ttypescript-1.5.12.tgz",
			"integrity": "sha512-1ojRyJvpnmgN9kIHmUnQPlEV1gq+VVsxVYjk/NfvMlHSmYxjK5hEvOOU2MQASrbekTUiUM7pR/nXeCc8bzvMOQ==",
			"dev": true,
			"requires": {
				"resolve": ">=1.9.0"
			}
		},
		"typescript": {
			"version": "4.1.5",
			"resolved": "https://registry.npmjs.org/typescript/-/typescript-4.1.5.tgz",
			"integrity": "sha512-6OSu9PTIzmn9TCDiovULTnET6BgXtDYL4Gg4szY+cGsc3JP1dQL8qvE8kShTRx1NIw4Q9IBHlwODjkjWEtMUyA==",
			"dev": true
		}
	}
}
